
Microsoft Visual Studio Solution File, Format Version 12.00
# Visual Studio Version 17
VisualStudioVersion = 17.10.35122.118
MinimumVisualStudioVersion = 10.0.40219.1
Project("{8BC9CEB8-8B4A-11D0-8D11-00A0C91BC942}") = "risc-compiler", "risc-compiler\risc-compiler.vcxproj", "{B1C93C8F-06B7-4CD1-B214-33CAF602AAF1}"
EndProject
Project("{8BC9CEB8-8B4A-11D0-8D11-00A0C91BC942}") = "risc-emulator", "risc-emulator\risc-emulator.vcxproj", "{E6589A4D-989D-4DD2-ADF4-9FD6CA6D1E5D}"
EndProject
Project("{FAE04EC0-301F-11D3-BF4B-00C04F79EFBC}") = "log-checker", "log-checker\log-checker.csproj", "{C80C7CF7-C4A4-6AAD-A9A8-380235930698}"
EndProject
Global
	GlobalSection(SolutionConfigurationPlatforms) = preSolution
		Debug|Any CPU = Debug|Any CPU
		Debug|x64 = Debug|x64
		Debug|x86 = Debug|x86
		Release|Any CPU = Release|Any CPU
		Release|x64 = Release|x64
		Release|x86 = Release|x86
	EndGlobalSection
	GlobalSection(ProjectConfigurationPlatforms) = postSolution
		{B1C93C8F-06B7-4CD1-B214-33CAF602AAF1}.Debug|Any CPU.ActiveCfg = Debug|x64
		{B1C93C8F-06B7-4CD1-B214-33CAF602AAF1}.Debug|Any CPU.Build.0 = Debug|x64
		{B1C93C8F-06B7-4CD1-B214-33CAF602AAF1}.Debug|x64.ActiveCfg = Debug|x64
		{B1C93C8F-06B7-4CD1-B214-33CAF602AAF1}.Debug|x64.Build.0 = Debug|x64
		{B1C93C8F-06B7-4CD1-B214-33CAF602AAF1}.Debug|x86.ActiveCfg = Debug|Win32
		{B1C93C8F-06B7-4CD1-B214-33CAF602AAF1}.Debug|x86.Build.0 = Debug|Win32
		{B1C93C8F-06B7-4CD1-B214-33CAF602AAF1}.Release|Any CPU.ActiveCfg = Release|x64
		{B1C93C8F-06B7-4CD1-B214-33CAF602AAF1}.Release|Any CPU.Build.0 = Release|x64
		{B1C93C8F-06B7-4CD1-B214-33CAF602AAF1}.Release|x64.ActiveCfg = Release|x64
		{B1C93C8F-06B7-4CD1-B214-33CAF602AAF1}.Release|x64.Build.0 = Release|x64
		{B1C93C8F-06B7-4CD1-B214-33CAF602AAF1}.Release|x86.ActiveCfg = Release|Win32
		{B1C93C8F-06B7-4CD1-B214-33CAF602AAF1}.Release|x86.Build.0 = Release|Win32
		{E6589A4D-989D-4DD2-ADF4-9FD6CA6D1E5D}.Debug|Any CPU.ActiveCfg = Debug|x64
		{E6589A4D-989D-4DD2-ADF4-9FD6CA6D1E5D}.Debug|Any CPU.Build.0 = Debug|x64
		{E6589A4D-989D-4DD2-ADF4-9FD6CA6D1E5D}.Debug|x64.ActiveCfg = Debug|x64
		{E6589A4D-989D-4DD2-ADF4-9FD6CA6D1E5D}.Debug|x64.Build.0 = Debug|x64
		{E6589A4D-989D-4DD2-ADF4-9FD6CA6D1E5D}.Debug|x86.ActiveCfg = Debug|Win32
		{E6589A4D-989D-4DD2-ADF4-9FD6CA6D1E5D}.Debug|x86.Build.0 = Debug|Win32
		{E6589A4D-989D-4DD2-ADF4-9FD6CA6D1E5D}.Release|Any CPU.ActiveCfg = Release|x64
		{E6589A4D-989D-4DD2-ADF4-9FD6CA6D1E5D}.Release|Any CPU.Build.0 = Release|x64
		{E6589A4D-989D-4DD2-ADF4-9FD6CA6D1E5D}.Release|x64.ActiveCfg = Release|x64
		{E6589A4D-989D-4DD2-ADF4-9FD6CA6D1E5D}.Release|x64.Build.0 = Release|x64
		{E6589A4D-989D-4DD2-ADF4-9FD6CA6D1E5D}.Release|x86.ActiveCfg = Release|Win32
		{E6589A4D-989D-4DD2-ADF4-9FD6CA6D1E5D}.Release|x86.Build.0 = Release|Win32
		{C80C7CF7-C4A4-6AAD-A9A8-380235930698}.Debug|Any CPU.ActiveCfg = Debug|Any CPU
		{C80C7CF7-C4A4-6AAD-A9A8-380235930698}.Debug|Any CPU.Build.0 = Debug|Any CPU
		{C80C7CF7-C4A4-6AAD-A9A8-380235930698}.Debug|x64.ActiveCfg = Debug|Any CPU
		{C80C7CF7-C4A4-6AAD-A9A8-380235930698}.Debug|x64.Build.0 = Debug|Any CPU
		{C80C7CF7-C4A4-6AAD-A9A8-380235930698}.Debug|x86.ActiveCfg = Debug|Any CPU
		{C80C7CF7-C4A4-6AAD-A9A8-380235930698}.Debug|x86.Build.0 = Debug|Any CPU
		{C80C7CF7-C4A4-6AAD-A9A8-380235930698}.Release|Any CPU.ActiveCfg = Release|Any CPU
		{C80C7CF7-C4A4-6AAD-A9A8-380235930698}.Release|Any CPU.Build.0 = Release|Any CPU
		{C80C7CF7-C4A4-6AAD-A9A8-380235930698}.Release|x64.ActiveCfg = Release|Any CPU
		{C80C7CF7-C4A4-6AAD-A9A8-380235930698}.Release|x64.Build.0 = Release|Any CPU
		{C80C7CF7-C4A4-6AAD-A9A8-380235930698}.Release|x86.ActiveCfg = Release|Any CPU
		{C80C7CF7-C4A4-6AAD-A9A8-380235930698}.Release|x86.Build.0 = Release|Any CPU
	EndGlobalSection
	GlobalSection(SolutionProperties) = preSolution
		HideSolutionNode = FALSE
	EndGlobalSection
	GlobalSection(ExtensibilityGlobals) = postSolution
		SolutionGuid = {D0B92407-5243-4478-AA9F-5B69E5A881E9}
	EndGlobalSection
EndGlobal
